
Microsoft Visual Studio Solution File, Format Version 12.00
# Visual Studio Version 17
VisualStudioVersion = 17.6.33815.320
MinimumVisualStudioVersion = 10.0.40219.1
Project("{FAE04EC0-301F-11D3-BF4B-00C04F79EFBC}") = "ManageServer", "ManageServer\ManageServer.csproj", "{E1DA8345-48C6-490E-B31D-F4763510FEC2}"
EndProject
Global
	GlobalSection(SolutionConfigurationPlatforms) = preSolution
		Debug|Any CPU = Debug|Any CPU
		Release|Any CPU = Release|Any CPU
	EndGlobalSection
	GlobalSection(ProjectConfigurationPlatforms) = postSolution
		{E1DA8345-48C6-490E-B31D-F4763510FEC2}.Debug|Any CPU.ActiveCfg = Debug|Any CPU
		{E1DA8345-48C6-490E-B31D-F4763510FEC2}.Debug|Any CPU.Build.0 = Debug|Any CPU
		{E1DA8345-48C6-490E-B31D-F4763510FEC2}.Release|Any CPU.ActiveCfg = Release|Any CPU
		{E1DA8345-48C6-490E-B31D-F4763510FEC2}.Release|Any CPU.Build.0 = Release|Any CPU
	EndGlobalSection
	GlobalSection(SolutionProperties) = preSolution
		HideSolutionNode = FALSE
	EndGlobalSection
	GlobalSection(ExtensibilityGlobals) = postSolution
		SolutionGuid = {56BFE44E-2083-4958-830D-21058488A644}
	EndGlobalSection
EndGlobal
